
Microsoft Visual Studio Solution File, Format Version 12.00
# Visual Studio Version 17
VisualStudioVersion = 17.10.35013.160
MinimumVisualStudioVersion = 10.0.40219.1
Project("{9A19103F-16F7-4668-BE54-9A1E7A4F7556}") = "Customers.Api", "Customers.Api.csproj", "{9528B84C-8A42-4BE8-B610-369547F2D931}"
EndProject
Project("{2150E333-8FDC-42A3-9474-1A3956D46DE8}") = "Tests", "Tests", "{A3A96A39-25B8-48FC-B047-8569ECA83AD6}"
EndProject
Project("{9A19103F-16F7-4668-BE54-9A1E7A4F7556}") = "Customers.Api.Tests.Integration", "..\Customers.Api.Tests.Integration\Customers.Api.Tests.Integration.csproj", "{B54B85F8-EE18-4708-9CBC-BA2F07193D43}"
EndProject
Global
	GlobalSection(SolutionConfigurationPlatforms) = preSolution
		Debug|Any CPU = Debug|Any CPU
		Release|Any CPU = Release|Any CPU
	EndGlobalSection
	GlobalSection(ProjectConfigurationPlatforms) = postSolution
		{9528B84C-8A42-4BE8-B610-369547F2D931}.Debug|Any CPU.ActiveCfg = Debug|Any CPU
		{9528B84C-8A42-4BE8-B610-369547F2D931}.Debug|Any CPU.Build.0 = Debug|Any CPU
		{9528B84C-8A42-4BE8-B610-369547F2D931}.Release|Any CPU.ActiveCfg = Release|Any CPU
		{9528B84C-8A42-4BE8-B610-369547F2D931}.Release|Any CPU.Build.0 = Release|Any CPU
		{B54B85F8-EE18-4708-9CBC-BA2F07193D43}.Debug|Any CPU.ActiveCfg = Debug|Any CPU
		{B54B85F8-EE18-4708-9CBC-BA2F07193D43}.Debug|Any CPU.Build.0 = Debug|Any CPU
		{B54B85F8-EE18-4708-9CBC-BA2F07193D43}.Release|Any CPU.ActiveCfg = Release|Any CPU
		{B54B85F8-EE18-4708-9CBC-BA2F07193D43}.Release|Any CPU.Build.0 = Release|Any CPU
	EndGlobalSection
	GlobalSection(SolutionProperties) = preSolution
		HideSolutionNode = FALSE
	EndGlobalSection
	GlobalSection(NestedProjects) = preSolution
		{B54B85F8-EE18-4708-9CBC-BA2F07193D43} = {A3A96A39-25B8-48FC-B047-8569ECA83AD6}
	EndGlobalSection
	GlobalSection(ExtensibilityGlobals) = postSolution
		SolutionGuid = {FAE9FBEB-88A5-425C-B275-B01B7F5EE0F2}
	EndGlobalSection
EndGlobal
